# This file is autogenerated, do not edit; changes may be undone by the next 'dep ensure'.


[[projects]]
  name = "github.com/PuerkitoBio/purell"
  packages = ["."]
  revision = "44968752391892e1b0d0b821ee79e9a85fa13049"
  version = "v1.1.1"

[[projects]]
  branch = "master"
  name = "github.com/PuerkitoBio/urlesc"
  packages = ["."]
  revision = "de5bf2ad457846296e2031421a34e2568e304e35"

[[projects]]
  name = "github.com/asaskevich/govalidator"
  packages = ["."]
  revision = "ccb8e960c48f04d6935e72476ae4a51028f9e22f"
  version = "v9"

[[projects]]
  name = "github.com/docker/go-units"
  packages = ["."]
  revision = "519db1ee28dcc9fd2474ae59fca29a810482bfb1"
  version = "v0.4.0"

[[projects]]
  name = "github.com/go-openapi/analysis"
  packages = [".","internal"]
  revision = "48f4521ad6c3df9d6192efb04287c4a411e1f806"
  version = "v0.19.4"

[[projects]]
  name = "github.com/go-openapi/errors"
  packages = ["."]
  revision = "0b2a0a1f89aa2eec2d13e03cd80ab0fdaf01f8ce"
  version = "v0.19.2"

[[projects]]
  name = "github.com/go-openapi/jsonpointer"
  packages = ["."]
  revision = "a105a905c5e6ad147f08504784917f3e178e0ba5"
  version = "v0.19.2"

[[projects]]
  name = "github.com/go-openapi/jsonreference"
  packages = ["."]
  revision = "2903bfd4bfbaf188694f1edf731f2725a8fa344f"
  version = "v0.19.2"

[[projects]]
  name = "github.com/go-openapi/loads"
  packages = ["."]
  revision = "8548893a17237be4a5b2f74773f23002f4179bbe"
  version = "v0.19.2"

[[projects]]
  name = "github.com/go-openapi/runtime"
  packages = [".","flagext","logger","middleware","middleware/denco","middleware/header","middleware/untyped","security"]
  revision = "882fa18ad52bee24eb77d2312d1929580e894013"
  version = "v0.19.4"

[[projects]]
  name = "github.com/go-openapi/spec"
  packages = ["."]
  revision = "bdfd7e07daecc404d77868a88b2364d0aed0ee5a"
  version = "v0.19.2"

[[projects]]
  name = "github.com/go-openapi/strfmt"
  packages = ["."]
  revision = "432db8fbcb18bf11f72ca9538e07943e45be4d9f"
  version = "v0.19.2"

[[projects]]
  name = "github.com/go-openapi/swag"
  packages = ["."]
  revision = "c3d0f7896d589f3babb99eea24bbc7de98108e72"
  version = "v0.19.5"

[[projects]]
  name = "github.com/go-openapi/validate"
  packages = ["."]
  revision = "6405b9095e4c96aabb45856da08a9323d50d9336"
  version = "v0.19.2"

[[projects]]
  name = "github.com/go-stack/stack"
  packages = ["."]
  revision = "2fee6af1a9795aafbe0253a0cfbdf668e1fb8a9a"
  version = "v1.8.0"

[[projects]]
  name = "github.com/jessevdk/go-flags"
  packages = ["."]
  revision = "c6ca198ec95c841fdb89fc0de7496fed11ab854e"
  version = "v1.4.0"

[[projects]]
  branch = "master"
  name = "github.com/mailru/easyjson"
  packages = ["buffer","jlexer","jwriter"]
  revision = "b2ccc519800e761ac8000b95e5d57c80a897ff9e"

[[projects]]
  name = "github.com/mitchellh/mapstructure"
  packages = ["."]
  revision = "3536a929edddb9a5b34bd6861dc4a9647cb459fe"
  version = "v1.1.2"

[[projects]]
  name = "go.mongodb.org/mongo-driver"
  packages = ["bson","bson/bsoncodec","bson/bsonrw","bson/bsontype","bson/primitive","x/bsonx/bsoncore"]
  revision = "d42ea7239f0db8a61e77191b9f2730a922459042"
  version = "v1.1.0"

[[projects]]
  branch = "master"
  name = "golang.org/x/net"
  packages = ["idna","netutil"]
  revision = "ba9fcec4b297b415637633c5a6e8fa592e4a16c3"

[[projects]]
  name = "golang.org/x/text"
  packages = ["collate","collate/build","internal/colltab","internal/gen","internal/language","internal/language/compact","internal/tag","internal/triegen","internal/ucd","language","secure/bidirule","transform","unicode/bidi","unicode/cldr","unicode/norm","unicode/rangetable","width"]
  revision = "342b2e1fbaa52c93f31447ad2c6abc048c63e475"
  version = "v0.3.2"

[[projects]]
  name = "gopkg.in/yaml.v2"
  packages = ["."]
  revision = "51d6538a90f86fe93ac480b35f37b2be17fef232"
  version = "v2.2.2"

[solve-meta]
  analyzer-name = "dep"
  analyzer-version = 1
  inputs-digest = "884f4b612560ee1beb62644cc5680a93f07417333897781393bad8d7a96d09b3"
  solver-name = "gps-cdcl"
  solver-version = 1
