# This file is autogenerated, do not edit; changes may be undone by the next 'dep ensure'.


[[projects]]
  digest = "1:c0952fb3cf9506cff577b4edf4458889570dcbd2902a7b90a1fd96bfbb97ccd8"
  name = "github.com/PuerkitoBio/purell"
  packages = ["."]
  pruneopts = ""
  revision = "44968752391892e1b0d0b821ee79e9a85fa13049"
  version = "v1.1.1"

[[projects]]
  branch = "master"
  digest = "1:331a419049c2be691e5ba1d24342fc77c7e767a80c666a18fd8a9f7b82419c1c"
  name = "github.com/PuerkitoBio/urlesc"
  packages = ["."]
  pruneopts = ""
  revision = "de5bf2ad457846296e2031421a34e2568e304e35"

[[projects]]
  digest = "1:d8a2bb36a048d1571bcc1aee208b61f39dc16c6c53823feffd37449dde162507"
  name = "github.com/asaskevich/govalidator"
  packages = ["."]
  pruneopts = ""
  revision = "ccb8e960c48f04d6935e72476ae4a51028f9e22f"
  version = "v9"

[[projects]]
  digest = "1:6098222470fe0172157ce9bbef5d2200df4edde17ee649c5d6e48330e4afa4c6"
  name = "github.com/dgrijalva/jwt-go"
  packages = ["."]
  pruneopts = ""
  revision = "06ea1031745cb8b3dab3f6a236daf2b0aa468b7e"
  version = "v3.2.0"

[[projects]]
  digest = "1:a8212495120c94f629a8cf5c9760c4017390e24ab8a049cf566dbd3f5627d6cb"
  name = "github.com/docker/go-units"
  packages = ["."]
  pruneopts = ""
  revision = "519db1ee28dcc9fd2474ae59fca29a810482bfb1"
  version = "v0.4.0"

[[projects]]
  digest = "1:66c6d4aeba2a6bdf10842855c95f85d93e4782362ab3113aabd5d1a4360bfc78"
  name = "github.com/go-openapi/analysis"
  packages = [
    ".",
    "internal",
  ]
  pruneopts = ""
  revision = "48f4521ad6c3df9d6192efb04287c4a411e1f806"
  version = "v0.19.4"

[[projects]]
  digest = "1:c9bceb25137de4327cffa341d0eb2eb3e1889b04ec20045f3b8106aad828f6ef"
  name = "github.com/go-openapi/errors"
  packages = ["."]
  pruneopts = ""
  revision = "0b2a0a1f89aa2eec2d13e03cd80ab0fdaf01f8ce"
  version = "v0.19.2"

[[projects]]
  digest = "1:21911d0d3cecc86a42fd1920583c34a33b91035d77d4929772938961d7814ffc"
  name = "github.com/go-openapi/jsonpointer"
  packages = ["."]
  pruneopts = ""
  revision = "a105a905c5e6ad147f08504784917f3e178e0ba5"
  version = "v0.19.2"

[[projects]]
  digest = "1:6ec9ec804d37dfca7ce0e488844fb069cfe4e3eb60793d163279083b8ec61a8d"
  name = "github.com/go-openapi/jsonreference"
  packages = ["."]
  pruneopts = ""
  revision = "2903bfd4bfbaf188694f1edf731f2725a8fa344f"
  version = "v0.19.2"

[[projects]]
  digest = "1:93b42ff64b7bf998c5cfa3130dfa1de6a1ce3902f18c13b356c5d248e3853c85"
  name = "github.com/go-openapi/loads"
  packages = ["."]
  pruneopts = ""
  revision = "8548893a17237be4a5b2f74773f23002f4179bbe"
  version = "v0.19.2"

[[projects]]
  digest = "1:44332885019a8e966932e68e0afe1f689ba504a9f5aa1b53850d49cdbe480463"
  name = "github.com/go-openapi/runtime"
  packages = [
    ".",
    "flagext",
    "logger",
    "middleware",
    "middleware/denco",
    "middleware/header",
    "middleware/untyped",
    "security",
  ]
  pruneopts = ""
  revision = "882fa18ad52bee24eb77d2312d1929580e894013"
  version = "v0.19.4"

[[projects]]
  digest = "1:0bf906c8db0e821fa588499950b59d349e4edccad44383c806319035b8bd5f89"
  name = "github.com/go-openapi/spec"
  packages = ["."]
  pruneopts = ""
  revision = "bdfd7e07daecc404d77868a88b2364d0aed0ee5a"
  version = "v0.19.2"

[[projects]]
  digest = "1:737cc5f34f812cc5e4b646b4b0f2ec06ea60ec470e4d969a77cc07f9e12686af"
  name = "github.com/go-openapi/strfmt"
  packages = ["."]
  pruneopts = ""
  revision = "432db8fbcb18bf11f72ca9538e07943e45be4d9f"
  version = "v0.19.2"

[[projects]]
  digest = "1:fb1a3f651afb10230982d116bef8cb05dff148c5d3243c8ed79ef78d51f1ebe7"
  name = "github.com/go-openapi/swag"
  packages = ["."]
  pruneopts = ""
  revision = "c3d0f7896d589f3babb99eea24bbc7de98108e72"
  version = "v0.19.5"

[[projects]]
  digest = "1:2fceb713ba23114e18f28bc88d42a4ef80ee3242d119cbb72a24716b964fe9fc"
  name = "github.com/go-openapi/validate"
  packages = ["."]
  pruneopts = ""
  revision = "6405b9095e4c96aabb45856da08a9323d50d9336"
  version = "v0.19.2"

[[projects]]
  digest = "1:a01080d20c45c031c13f3828c56e58f4f51d926a482ad10cc0316225097eb7ea"
  name = "github.com/go-stack/stack"
  packages = ["."]
  pruneopts = ""
  revision = "2fee6af1a9795aafbe0253a0cfbdf668e1fb8a9a"
  version = "v1.8.0"

[[projects]]
  branch = "master"
  digest = "1:c823f556d11763bb805a60a77226ae321843c9bd1454ee5b808ca169ac515762"
  name = "github.com/golang/snappy"
  packages = ["."]
  pruneopts = ""
  revision = "ff6b7dc882cf4cfba7ee0b9f7dcc1ac096c554aa"

[[projects]]
  digest = "1:ca5c90960520407749b98c49650f54f5f90a667796e85c5ee1597478f702fb91"
  name = "github.com/jessevdk/go-flags"
  packages = ["."]
  pruneopts = ""
  revision = "c6ca198ec95c841fdb89fc0de7496fed11ab854e"
  version = "v1.4.0"

[[projects]]
  digest = "1:7df5a9695a743c3e1626b28bb8741602c8c15527e1efaeaec48ab2ff9a23f74c"
  name = "github.com/joho/godotenv"
  packages = ["."]
  pruneopts = ""
  revision = "23d116af351c84513e1946b527c88823e476be13"
  version = "v1.3.0"

[[projects]]
  branch = "master"
  digest = "1:101e8200d89dcff2cec2522e427298045bea6d81ef71f8fe10810faeae741efc"
  name = "github.com/mailru/easyjson"
  packages = [
    "buffer",
    "jlexer",
    "jwriter",
  ]
  pruneopts = ""
  revision = "b2ccc519800e761ac8000b95e5d57c80a897ff9e"

[[projects]]
  digest = "1:bcc46a0fbd9e933087bef394871256b5c60269575bb661935874729c65bbbf60"
  name = "github.com/mitchellh/mapstructure"
  packages = ["."]
  pruneopts = ""
  revision = "3536a929edddb9a5b34bd6861dc4a9647cb459fe"
  version = "v1.1.2"

[[projects]]
  branch = "master"
  digest = "1:ad74f33a69bd6ab0bd7287003b7c1069b94cfb5213eb5597005fe2963d7dfca9"
  name = "github.com/xdg/scram"
  packages = ["."]
  pruneopts = ""
  revision = "7eeb5667e42c09cb51bf7b7c28aea8c56767da90"

[[projects]]
  branch = "master"
  digest = "1:62f6eb06f6f39d18fc961956116a50a0e52b89961ed8a83bbb950b4cfb09fe67"
  name = "github.com/xdg/stringprep"
  packages = ["."]
  pruneopts = ""
  revision = "73f8eece6fdcd902c185bf651de50f3828bed5ed"

[[projects]]
  digest = "1:7ac84b0ea6f71fb1f2f11b05623632529f7e561ca737bf71cf8dd22943be6d3d"
  name = "go.mongodb.org/mongo-driver"
  packages = [
    "bson",
    "bson/bsoncodec",
    "bson/bsonrw",
    "bson/bsontype",
    "bson/primitive",
    "event",
    "internal",
    "mongo",
    "mongo/options",
    "mongo/readconcern",
    "mongo/readpref",
    "mongo/writeconcern",
    "tag",
    "version",
    "x/bsonx",
    "x/bsonx/bsoncore",
    "x/mongo/driver",
    "x/mongo/driver/address",
    "x/mongo/driver/auth",
    "x/mongo/driver/auth/internal/gssapi",
    "x/mongo/driver/connstring",
    "x/mongo/driver/description",
    "x/mongo/driver/dns",
    "x/mongo/driver/operation",
    "x/mongo/driver/session",
    "x/mongo/driver/topology",
    "x/mongo/driver/uuid",
    "x/mongo/driver/wiremessage",
  ]
  pruneopts = ""
  revision = "d42ea7239f0db8a61e77191b9f2730a922459042"
  version = "v1.1.0"

[[projects]]
  branch = "master"
  digest = "1:4a4c4edf69b61bf98e98d22696aa80c4059384895920de4d5e2fe696068d5f13"
  name = "golang.org/x/crypto"
  packages = ["pbkdf2"]
  pruneopts = ""
  revision = "227b76d455e791cb042b03e633e2f7fbcfdf74a5"

[[projects]]
  branch = "master"
  digest = "1:87c06c289123bf8be0a776c57ca40ce075f6c598a905ff2ff8ba40fba0d5d17c"
  name = "golang.org/x/net"
  packages = [
    "idna",
    "netutil",
  ]
  pruneopts = ""
  revision = "ba9fcec4b297b415637633c5a6e8fa592e4a16c3"

[[projects]]
  branch = "master"
  digest = "1:375358ce220ecbf8c3d441a48746790e906ccf6bcc1f0364158fcbd9819aad92"
  name = "golang.org/x/sync"
  packages = ["semaphore"]
  pruneopts = ""
  revision = "cd5d95a43a6e21273425c7ae415d3df9ea832eeb"

[[projects]]
  digest = "1:740b51a55815493a8d0f2b1e0d0ae48fe48953bf7eaf3fcc4198823bf67768c0"
  name = "golang.org/x/text"
  packages = [
    "collate",
    "collate/build",
    "internal/colltab",
    "internal/gen",
    "internal/language",
    "internal/language/compact",
    "internal/tag",
    "internal/triegen",
    "internal/ucd",
    "language",
    "secure/bidirule",
    "transform",
    "unicode/bidi",
    "unicode/cldr",
    "unicode/norm",
    "unicode/rangetable",
    "width",
  ]
  pruneopts = ""
  revision = "342b2e1fbaa52c93f31447ad2c6abc048c63e475"
  version = "v0.3.2"

[[projects]]
  digest = "1:cedccf16b71e86db87a24f8d4c70b0a855872eb967cb906a66b95de56aefbd0d"
  name = "gopkg.in/yaml.v2"
  packages = ["."]
  pruneopts = ""
  revision = "51d6538a90f86fe93ac480b35f37b2be17fef232"
  version = "v2.2.2"

[solve-meta]
  analyzer-name = "dep"
  analyzer-version = 1
  input-imports = [
    "github.com/dgrijalva/jwt-go",
    "github.com/go-openapi/errors",
    "github.com/go-openapi/loads",
    "github.com/go-openapi/runtime",
    "github.com/go-openapi/runtime/flagext",
    "github.com/go-openapi/runtime/middleware",
    "github.com/go-openapi/runtime/security",
    "github.com/go-openapi/spec",
    "github.com/go-openapi/strfmt",
    "github.com/go-openapi/swag",
    "github.com/go-openapi/validate",
    "github.com/jessevdk/go-flags",
    "github.com/joho/godotenv",
    "go.mongodb.org/mongo-driver/mongo",
    "go.mongodb.org/mongo-driver/mongo/options",
    "go.mongodb.org/mongo-driver/mongo/readpref",
    "golang.org/x/net/netutil",
  ]
  solver-name = "gps-cdcl"
  solver-version = 1
